// !$*UTF8*$!
{
	archiveVersion = 1;
	classes = {
	};
	objectVersion = 50;
	objects = {

/* Begin PBXBuildFile section */
		55C8A17F24AE327E002550FD /* SignupViewController.swift in Sources */ = {isa = PBXBuildFile; fileRef = 55C8A17E24AE327E002550FD /* SignupViewController.swift */; };
		F67922782498DA5B0080BD35 /* AppDelegate.swift in Sources */ = {isa = PBXBuildFile; fileRef = F67922772498DA5B0080BD35 /* AppDelegate.swift */; };
		F679227C2498DA5B0080BD35 /* LoginViewController.swift in Sources */ = {isa = PBXBuildFile; fileRef = F679227B2498DA5B0080BD35 /* LoginViewController.swift */; };
		F679227F2498DA5B0080BD35 /* Main.storyboard in Resources */ = {isa = PBXBuildFile; fileRef = F679227D2498DA5B0080BD35 /* Main.storyboard */; };
		F67922812498DA5C0080BD35 /* Assets.xcassets in Resources */ = {isa = PBXBuildFile; fileRef = F67922802498DA5C0080BD35 /* Assets.xcassets */; };
		F67922842498DA5C0080BD35 /* LaunchScreen.storyboard in Resources */ = {isa = PBXBuildFile; fileRef = F67922822498DA5C0080BD35 /* LaunchScreen.storyboard */; };
		F679228C2498DB170080BD35 /* HomeViewController.swift in Sources */ = {isa = PBXBuildFile; fileRef = F679228B2498DB170080BD35 /* HomeViewController.swift */; };
/* End PBXBuildFile section */

/* Begin PBXFileReference section */
		55C8A17E24AE327E002550FD /* SignupViewController.swift */ = {isa = PBXFileReference; lastKnownFileType = sourcecode.swift; path = SignupViewController.swift; sourceTree = "<group>"; };
		F67922742498DA5B0080BD35 /* iosProject.app */ = {isa = PBXFileReference; explicitFileType = wrapper.application; includeInIndex = 0; path = iosProject.app; sourceTree = BUILT_PRODUCTS_DIR; };
		F67922772498DA5B0080BD35 /* AppDelegate.swift */ = {isa = PBXFileReference; lastKnownFileType = sourcecode.swift; path = AppDelegate.swift; sourceTree = "<group>"; };
		F679227B2498DA5B0080BD35 /* LoginViewController.swift */ = {isa = PBXFileReference; lastKnownFileType = sourcecode.swift; name = LoginViewController.swift; path = iosProject/LoginViewController.swift; sourceTree = SOURCE_ROOT; };
		F679227E2498DA5B0080BD35 /* Base */ = {isa = PBXFileReference; lastKnownFileType = file.storyboard; name = Base; path = Base.lproj/Main.storyboard; sourceTree = "<group>"; };
		F67922802498DA5C0080BD35 /* Assets.xcassets */ = {isa = PBXFileReference; lastKnownFileType = folder.assetcatalog; path = Assets.xcassets; sourceTree = "<group>"; };
		F67922832498DA5C0080BD35 /* Base */ = {isa = PBXFileReference; lastKnownFileType = file.storyboard; name = Base; path = Base.lproj/LaunchScreen.storyboard; sourceTree = "<group>"; };
		F67922852498DA5C0080BD35 /* Info.plist */ = {isa = PBXFileReference; lastKnownFileType = text.plist.xml; path = Info.plist; sourceTree = "<group>"; };
		F679228B2498DB170080BD35 /* HomeViewController.swift */ = {isa = PBXFileReference; lastKnownFileType = sourcecode.swift; path = HomeViewController.swift; sourceTree = "<group>"; };
/* End PBXFileReference section */

/* Begin PBXFrameworksBuildPhase section */
		F67922712498DA5B0080BD35 /* Frameworks */ = {
			isa = PBXFrameworksBuildPhase;
			buildActionMask = 2147483647;
			files = (
			);
			runOnlyForDeploymentPostprocessing = 0;
		};
/* End PBXFrameworksBuildPhase section */

/* Begin PBXGroup section */
		55C8A18024AE36C7002550FD /* Login */ = {
			isa = PBXGroup;
			children = (
				F679227B2498DA5B0080BD35 /* LoginViewController.swift */,
			);
			path = Login;
			sourceTree = "<group>";
		};
		55C8A18124AE36D7002550FD /* Resourcer */ = {
			isa = PBXGroup;
			children = (
				F67922802498DA5C0080BD35 /* Assets.xcassets */,
			);
			path = Resourcer;
			sourceTree = "<group>";
		};
		55C8A18224AE36E4002550FD /* Home */ = {
			isa = PBXGroup;
			children = (
				F679228B2498DB170080BD35 /* HomeViewController.swift */,
			);
			path = Home;
			sourceTree = "<group>";
		};
		55C8A18324AE36F4002550FD /* Signup */ = {
			isa = PBXGroup;
			children = (
				55C8A17E24AE327E002550FD /* SignupViewController.swift */,
			);
			path = Signup;
			sourceTree = "<group>";
		};
		F679226B2498DA5B0080BD35 = {
			isa = PBXGroup;
			children = (
				F67922762498DA5B0080BD35 /* iosProject */,
				F67922752498DA5B0080BD35 /* Products */,
			);
			sourceTree = "<group>";
		};
		F67922752498DA5B0080BD35 /* Products */ = {
			isa = PBXGroup;
			children = (
				F67922742498DA5B0080BD35 /* iosProject.app */,
			);
			name = Products;
			sourceTree = "<group>";
		};
		F67922762498DA5B0080BD35 /* iosProject */ = {
			isa = PBXGroup;
			children = (
				55C8A18324AE36F4002550FD /* Signup */,
				55C8A18224AE36E4002550FD /* Home */,
				55C8A18124AE36D7002550FD /* Resourcer */,
				55C8A18024AE36C7002550FD /* Login */,
				F67922772498DA5B0080BD35 /* AppDelegate.swift */,
				F679227D2498DA5B0080BD35 /* Main.storyboard */,
				F67922822498DA5C0080BD35 /* LaunchScreen.storyboard */,
				F67922852498DA5C0080BD35 /* Info.plist */,
			);
			path = iosProject;
			sourceTree = "<group>";
		};
/* End PBXGroup section */

/* Begin PBXNativeTarget section */
		F67922732498DA5B0080BD35 /* iosProject */ = {
			isa = PBXNativeTarget;
			buildConfigurationList = F67922882498DA5C0080BD35 /* Build configuration list for PBXNativeTarget "iosProject" */;
			buildPhases = (
				F67922702498DA5B0080BD35 /* Sources */,
				F67922712498DA5B0080BD35 /* Frameworks */,
				F67922722498DA5B0080BD35 /* Resources */,
			);
			buildRules = (
			);
			dependencies = (
			);
			name = iosProject;
			productName = StoryboardProject;
			productReference = F67922742498DA5B0080BD35 /* iosProject.app */;
			productType = "com.apple.product-type.application";
		};
/* End PBXNativeTarget section */

/* Begin PBXProject section */
		F679226C2498DA5B0080BD35 /* Project object */ = {
			isa = PBXProject;
			attributes = {
				LastSwiftUpdateCheck = 1150;
				LastUpgradeCheck = 1150;
				ORGANIZATIONNAME = CodingAVision;
				TargetAttributes = {
					F67922732498DA5B0080BD35 = {
						CreatedOnToolsVersion = 11.5;
					};
				};
			};
			buildConfigurationList = F679226F2498DA5B0080BD35 /* Build configuration list for PBXProject "iosProject" */;
			compatibilityVersion = "Xcode 9.3";
			developmentRegion = en;
			hasScannedForEncodings = 0;
			knownRegions = (
				en,
				Base,
			);
			mainGroup = F679226B2498DA5B0080BD35;
			productRefGroup = F67922752498DA5B0080BD35 /* Products */;
			projectDirPath = "";
			projectRoot = "";
			targets = (
				F67922732498DA5B0080BD35 /* iosProject */,
			);
		};
/* End PBXProject section */

/* Begin PBXResourcesBuildPhase section */
		F67922722498DA5B0080BD35 /* Resources */ = {
			isa = PBXResourcesBuildPhase;
			buildActionMask = 2147483647;
			files = (
				F67922842498DA5C0080BD35 /* LaunchScreen.storyboard in Resources */,
				F67922812498DA5C0080BD35 /* Assets.xcassets in Resources */,
				F679227F2498DA5B0080BD35 /* Main.storyboard in Resources */,
			);
			runOnlyForDeploymentPostprocessing = 0;
		};
/* End PBXResourcesBuildPhase section */

/* Begin PBXSourcesBuildPhase section */
		F67922702498DA5B0080BD35 /* Sources */ = {
			isa = PBXSourcesBuildPhase;
			buildActionMask = 2147483647;
			files = (
				F679227C2498DA5B0080BD35 /* LoginViewController.swift in Sources */,
				F67922782498DA5B0080BD35 /* AppDelegate.swift in Sources */,
				55C8A17F24AE327E002550FD /* SignupViewController.swift in Sources */,
				F679228C2498DB170080BD35 /* HomeViewController.swift in Sources */,
			);
			runOnlyForDeploymentPostprocessing = 0;
		};
/* End PBXSourcesBuildPhase section */

/* Begin PBXVariantGroup section */
		F679227D2498DA5B0080BD35 /* Main.storyboard */ = {
			isa = PBXVariantGroup;
			children = (
				F679227E2498DA5B0080BD35 /* Base */,
			);
			name = Main.storyboard;
			sourceTree = "<group>";
		};
		F67922822498DA5C0080BD35 /* LaunchScreen.storyboard */ = {
			isa = PBXVariantGroup;
			children = (
				F67922832498DA5C0080BD35 /* Base */,
			);
			name = LaunchScreen.storyboard;
			sourceTree = "<group>";
		};
/* End PBXVariantGroup section */

/* Begin XCBuildConfiguration section */
		F67922862498DA5C0080BD35 /* Debug */ = {
			isa = XCBuildConfiguration;
			buildSettings = {
				ALWAYS_SEARCH_USER_PATHS = NO;
				CLANG_ANALYZER_NONNULL = YES;
				CLANG_ANALYZER_NUMBER_OBJECT_CONVERSION = YES_AGGRESSIVE;
				CLANG_CXX_LANGUAGE_STANDARD = "gnu++14";
				CLANG_CXX_LIBRARY = "libc++";
				CLANG_ENABLE_MODULES = YES;
				CLANG_ENABLE_OBJC_ARC = YES;
				CLANG_ENABLE_OBJC_WEAK = YES;
				CLANG_WARN_BLOCK_CAPTURE_AUTORELEASING = YES;
				CLANG_WARN_BOOL_CONVERSION = YES;
				CLANG_WARN_COMMA = YES;
				CLANG_WARN_CONSTANT_CONVERSION = YES;
				CLANG_WARN_DEPRECATED_OBJC_IMPLEMENTATIONS = YES;
				CLANG_WARN_DIRECT_OBJC_ISA_USAGE = YES_ERROR;
				CLANG_WARN_DOCUMENTATION_COMMENTS = YES;
				CLANG_WARN_EMPTY_BODY = YES;
				CLANG_WARN_ENUM_CONVERSION = YES;
				CLANG_WARN_INFINITE_RECURSION = YES;
				CLANG_WARN_INT_CONVERSION = YES;
				CLANG_WARN_NON_LITERAL_NULL_CONVERSION = YES;
				CLANG_WARN_OBJC_IMPLICIT_RETAIN_SELF = YES;
				CLANG_WARN_OBJC_LITERAL_CONVERSION = YES;
				CLANG_WARN_OBJC_ROOT_CLASS = YES_ERROR;
				CLANG_WARN_RANGE_LOOP_ANALYSIS = YES;
				CLANG_WARN_STRICT_PROTOTYPES = YES;
				CLANG_WARN_SUSPICIOUS_MOVE = YES;
				CLANG_WARN_UNGUARDED_AVAILABILITY = YES_AGGRESSIVE;
				CLANG_WARN_UNREACHABLE_CODE = YES;
				CLANG_WARN__DUPLICATE_METHOD_MATCH = YES;
				COPY_PHASE_STRIP = NO;
				DEBUG_INFORMATION_FORMAT = dwarf;
				ENABLE_STRICT_OBJC_MSGSEND = YES;
				ENABLE_TESTABILITY = YES;
				GCC_C_LANGUAGE_STANDARD = gnu11;
				GCC_DYNAMIC_NO_PIC = NO;
				GCC_NO_COMMON_BLOCKS = YES;
				GCC_OPTIMIZATION_LEVEL = 0;
				GCC_PREPROCESSOR_DEFINITIONS = (
					"DEBUG=1",
					"$(inherited)",
				);
				GCC_WARN_64_TO_32_BIT_CONVERSION = YES;
				GCC_WARN_ABOUT_RETURN_TYPE = YES_ERROR;
				GCC_WARN_UNDECLARED_SELECTOR = YES;
				GCC_WARN_UNINITIALIZED_AUTOS = YES_AGGRESSIVE;
				GCC_WARN_UNUSED_FUNCTION = YES;
				GCC_WARN_UNUSED_VARIABLE = YES;
				IPHONEOS_DEPLOYMENT_TARGET = 13.5;
				MTL_ENABLE_DEBUG_INFO = INCLUDE_SOURCE;
				MTL_FAST_MATH = YES;
				ONLY_ACTIVE_ARCH = YES;
				SDKROOT = iphoneos;
				SWIFT_ACTIVE_COMPILATION_CONDITIONS = DEBUG;
				SWIFT_OPTIMIZATION_LEVEL = "-Onone";
			};
			name = Debug;
		};
		F67922872498DA5C0080BD35 /* Release */ = {
			isa = XCBuildConfiguration;
			buildSettings = {
				ALWAYS_SEARCH_USER_PATHS = NO;
				CLANG_ANALYZER_NONNULL = YES;
				CLANG_ANALYZER_NUMBER_OBJECT_CONVERSION = YES_AGGRESSIVE;
				CLANG_CXX_LANGUAGE_STANDARD = "gnu++14";
				CLANG_CXX_LIBRARY = "libc++";
				CLANG_ENABLE_MODULES = YES;
				CLANG_ENABLE_OBJC_ARC = YES;
				CLANG_ENABLE_OBJC_WEAK = YES;
				CLANG_WARN_BLOCK_CAPTURE_AUTORELEASING = YES;
				CLANG_WARN_BOOL_CONVERSION = YES;
				CLANG_WARN_COMMA = YES;
				CLANG_WARN_CONSTANT_CONVERSION = YES;
				CLANG_WARN_DEPRECATED_OBJC_IMPLEMENTATIONS = YES;
				CLANG_WARN_DIRECT_OBJC_ISA_USAGE = YES_ERROR;
				CLANG_WARN_DOCUMENTATION_COMMENTS = YES;
				CLANG_WARN_EMPTY_BODY = YES;
				CLANG_WARN_ENUM_CONVERSION = YES;
				CLANG_WARN_INFINITE_RECURSION = YES;
				CLANG_WARN_INT_CONVERSION = YES;
				CLANG_WARN_NON_LITERAL_NULL_CONVERSION = YES;
				CLANG_WARN_OBJC_IMPLICIT_RETAIN_SELF = YES;
				CLANG_WARN_OBJC_LITERAL_CONVERSION = YES;
				CLANG_WARN_OBJC_ROOT_CLASS = YES_ERROR;
				CLANG_WARN_RANGE_LOOP_ANALYSIS = YES;
				CLANG_WARN_STRICT_PROTOTYPES = YES;
				CLANG_WARN_SUSPICIOUS_MOVE = YES;
				CLANG_WARN_UNGUARDED_AVAILABILITY = YES_AGGRESSIVE;
				CLANG_WARN_UNREACHABLE_CODE = YES;
				CLANG_WARN__DUPLICATE_METHOD_MATCH = YES;
				COPY_PHASE_STRIP = NO;
				DEBUG_INFORMATION_FORMAT = "dwarf-with-dsym";
				ENABLE_NS_ASSERTIONS = NO;
				ENABLE_STRICT_OBJC_MSGSEND = YES;
				GCC_C_LANGUAGE_STANDARD = gnu11;
				GCC_NO_COMMON_BLOCKS = YES;
				GCC_WARN_64_TO_32_BIT_CONVERSION = YES;
				GCC_WARN_ABOUT_RETURN_TYPE = YES_ERROR;
				GCC_WARN_UNDECLARED_SELECTOR = YES;
				GCC_WARN_UNINITIALIZED_AUTOS = YES_AGGRESSIVE;
				GCC_WARN_UNUSED_FUNCTION = YES;
				GCC_WARN_UNUSED_VARIABLE = YES;
				IPHONEOS_DEPLOYMENT_TARGET = 13.5;
				MTL_ENABLE_DEBUG_INFO = NO;
				MTL_FAST_MATH = YES;
				SDKROOT = iphoneos;
				SWIFT_COMPILATION_MODE = wholemodule;
				SWIFT_OPTIMIZATION_LEVEL = "-O";
				VALIDATE_PRODUCT = YES;
			};
			name = Release;
		};
		F67922892498DA5C0080BD35 /* Debug */ = {
			isa = XCBuildConfiguration;
			buildSettings = {
				ASSETCATALOG_COMPILER_APPICON_NAME = AppIcon;
				CODE_SIGN_STYLE = Automatic;
				INFOPLIST_FILE = "$(SRCROOT)/iosProject/Info.plist";
				IPHONEOS_DEPLOYMENT_TARGET = 11.0;
				LD_RUNPATH_SEARCH_PATHS = (
					"$(inherited)",
					"@executable_path/Frameworks",
				);
				PRODUCT_BUNDLE_IDENTIFIER = it.codingavision.iosProject;
				PRODUCT_NAME = iosProject;
				SWIFT_VERSION = 5.0;
				TARGETED_DEVICE_FAMILY = "1,2";
			};
			name = Debug;
		};
		F679228A2498DA5C0080BD35 /* Release */ = {
			isa = XCBuildConfiguration;
			buildSettings = {
				ASSETCATALOG_COMPILER_APPICON_NAME = AppIcon;
				CODE_SIGN_STYLE = Automatic;
				INFOPLIST_FILE = "$(SRCROOT)/iosProject/Info.plist";
				IPHONEOS_DEPLOYMENT_TARGET = 11.0;
				LD_RUNPATH_SEARCH_PATHS = (
					"$(inherited)",
					"@executable_path/Frameworks",
				);
				PRODUCT_BUNDLE_IDENTIFIER = it.codingavision.iosProject;
				PRODUCT_NAME = iosProject;
				SWIFT_VERSION = 5.0;
				TARGETED_DEVICE_FAMILY = "1,2";
			};
			name = Release;
		};
/* End XCBuildConfiguration section */

/* Begin XCConfigurationList section */
		F679226F2498DA5B0080BD35 /* Build configuration list for PBXProject "iosProject" */ = {
			isa = XCConfigurationList;
			buildConfigurations = (
				F67922862498DA5C0080BD35 /* Debug */,
				F67922872498DA5C0080BD35 /* Release */,
			);
			defaultConfigurationIsVisible = 0;
			defaultConfigurationName = Release;
		};
		F67922882498DA5C0080BD35 /* Build configuration list for PBXNativeTarget "iosProject" */ = {
			isa = XCConfigurationList;
			buildConfigurations = (
				F67922892498DA5C0080BD35 /* Debug */,
				F679228A2498DA5C0080BD35 /* Release */,
			);
			defaultConfigurationIsVisible = 0;
			defaultConfigurationName = Release;
		};
/* End XCConfigurationList section */
	};
	rootObject = F679226C2498DA5B0080BD35 /* Project object */;
}
